
Microsoft Visual Studio Solution File, Format Version 12.00
# Visual Studio Version 16
VisualStudioVersion = 16.0.31105.61
MinimumVisualStudioVersion = 10.0.40219.1
Project("{FAE04EC0-301F-11D3-BF4B-00C04F79EFBC}") = "BlazorTableDemo", "BlazorTableDemo.csproj", "{3FFC42EE-FF48-469E-85F1-74288642989E}"
EndProject
Global
	GlobalSection(SolutionConfigurationPlatforms) = preSolution
		Debug|Any CPU = Debug|Any CPU
		Release|Any CPU = Release|Any CPU
	EndGlobalSection
	GlobalSection(ProjectConfigurationPlatforms) = postSolution
		{3FFC42EE-FF48-469E-85F1-74288642989E}.Debug|Any CPU.ActiveCfg = Debug|Any CPU
		{3FFC42EE-FF48-469E-85F1-74288642989E}.Debug|Any CPU.Build.0 = Debug|Any CPU
		{3FFC42EE-FF48-469E-85F1-74288642989E}.Release|Any CPU.ActiveCfg = Release|Any CPU
		{3FFC42EE-FF48-469E-85F1-74288642989E}.Release|Any CPU.Build.0 = Release|Any CPU
	EndGlobalSection
	GlobalSection(SolutionProperties) = preSolution
		HideSolutionNode = FALSE
	EndGlobalSection
	GlobalSection(ExtensibilityGlobals) = postSolution
		SolutionGuid = {0B87B632-DF81-4B1A-A697-CA5C29F3BDD9}
	EndGlobalSection
EndGlobal
